
Microsoft Visual Studio Solution File, Format Version 12.00
# Visual Studio Version 16
VisualStudioVersion = 16.0.30204.135
MinimumVisualStudioVersion = 15.0.26124.0
Project("{9A19103F-16F7-4668-BE54-9A1E7A4F7556}") = "CookBook.API", "CookBook.API\CookBook.API.csproj", "{A79E13F1-5C35-405C-B58E-5EE8C8F69D09}"
EndProject
Project("{9A19103F-16F7-4668-BE54-9A1E7A4F7556}") = "CookBook.BlazorWeb", "CookBook.BlazorWeb\CookBook.BlazorWeb.csproj", "{7DE99EFA-725E-4D39-8118-2365CA729784}"
EndProject
Project("{2150E333-8FDC-42A3-9474-1A3956D46DE8}") = "Core", "Core", "{6132E171-DC62-4843-8B6E-2B2C8D3590A5}"
EndProject
Project("{9A19103F-16F7-4668-BE54-9A1E7A4F7556}") = "CookBook.Domain", "CookBook.Domain\CookBook.Domain.csproj", "{978B040A-4201-4064-B3E4-F43C9AAECE1D}"
EndProject
Project("{9A19103F-16F7-4668-BE54-9A1E7A4F7556}") = "CookBook.Application", "CookBook.Application\CookBook.Application.csproj", "{2F904C1F-4619-49CC-9B33-83BFB45CF6D0}"
EndProject
Global
	GlobalSection(SolutionConfigurationPlatforms) = preSolution
		Debug|Any CPU = Debug|Any CPU
		Debug|x64 = Debug|x64
		Debug|x86 = Debug|x86
		Release|Any CPU = Release|Any CPU
		Release|x64 = Release|x64
		Release|x86 = Release|x86
	EndGlobalSection
	GlobalSection(ProjectConfigurationPlatforms) = postSolution
		{A79E13F1-5C35-405C-B58E-5EE8C8F69D09}.Debug|Any CPU.ActiveCfg = Debug|Any CPU
		{A79E13F1-5C35-405C-B58E-5EE8C8F69D09}.Debug|Any CPU.Build.0 = Debug|Any CPU
		{A79E13F1-5C35-405C-B58E-5EE8C8F69D09}.Debug|x64.ActiveCfg = Debug|Any CPU
		{A79E13F1-5C35-405C-B58E-5EE8C8F69D09}.Debug|x64.Build.0 = Debug|Any CPU
		{A79E13F1-5C35-405C-B58E-5EE8C8F69D09}.Debug|x86.ActiveCfg = Debug|Any CPU
		{A79E13F1-5C35-405C-B58E-5EE8C8F69D09}.Debug|x86.Build.0 = Debug|Any CPU
		{A79E13F1-5C35-405C-B58E-5EE8C8F69D09}.Release|Any CPU.ActiveCfg = Release|Any CPU
		{A79E13F1-5C35-405C-B58E-5EE8C8F69D09}.Release|Any CPU.Build.0 = Release|Any CPU
		{A79E13F1-5C35-405C-B58E-5EE8C8F69D09}.Release|x64.ActiveCfg = Release|Any CPU
		{A79E13F1-5C35-405C-B58E-5EE8C8F69D09}.Release|x64.Build.0 = Release|Any CPU
		{A79E13F1-5C35-405C-B58E-5EE8C8F69D09}.Release|x86.ActiveCfg = Release|Any CPU
		{A79E13F1-5C35-405C-B58E-5EE8C8F69D09}.Release|x86.Build.0 = Release|Any CPU
		{7DE99EFA-725E-4D39-8118-2365CA729784}.Debug|Any CPU.ActiveCfg = Debug|Any CPU
		{7DE99EFA-725E-4D39-8118-2365CA729784}.Debug|Any CPU.Build.0 = Debug|Any CPU
		{7DE99EFA-725E-4D39-8118-2365CA729784}.Debug|x64.ActiveCfg = Debug|Any CPU
		{7DE99EFA-725E-4D39-8118-2365CA729784}.Debug|x64.Build.0 = Debug|Any CPU
		{7DE99EFA-725E-4D39-8118-2365CA729784}.Debug|x86.ActiveCfg = Debug|Any CPU
		{7DE99EFA-725E-4D39-8118-2365CA729784}.Debug|x86.Build.0 = Debug|Any CPU
		{7DE99EFA-725E-4D39-8118-2365CA729784}.Release|Any CPU.ActiveCfg = Release|Any CPU
		{7DE99EFA-725E-4D39-8118-2365CA729784}.Release|Any CPU.Build.0 = Release|Any CPU
		{7DE99EFA-725E-4D39-8118-2365CA729784}.Release|x64.ActiveCfg = Release|Any CPU
		{7DE99EFA-725E-4D39-8118-2365CA729784}.Release|x64.Build.0 = Release|Any CPU
		{7DE99EFA-725E-4D39-8118-2365CA729784}.Release|x86.ActiveCfg = Release|Any CPU
		{7DE99EFA-725E-4D39-8118-2365CA729784}.Release|x86.Build.0 = Release|Any CPU
		{978B040A-4201-4064-B3E4-F43C9AAECE1D}.Debug|Any CPU.ActiveCfg = Debug|Any CPU
		{978B040A-4201-4064-B3E4-F43C9AAECE1D}.Debug|Any CPU.Build.0 = Debug|Any CPU
		{978B040A-4201-4064-B3E4-F43C9AAECE1D}.Debug|x64.ActiveCfg = Debug|Any CPU
		{978B040A-4201-4064-B3E4-F43C9AAECE1D}.Debug|x64.Build.0 = Debug|Any CPU
		{978B040A-4201-4064-B3E4-F43C9AAECE1D}.Debug|x86.ActiveCfg = Debug|Any CPU
		{978B040A-4201-4064-B3E4-F43C9AAECE1D}.Debug|x86.Build.0 = Debug|Any CPU
		{978B040A-4201-4064-B3E4-F43C9AAECE1D}.Release|Any CPU.ActiveCfg = Release|Any CPU
		{978B040A-4201-4064-B3E4-F43C9AAECE1D}.Release|Any CPU.Build.0 = Release|Any CPU
		{978B040A-4201-4064-B3E4-F43C9AAECE1D}.Release|x64.ActiveCfg = Release|Any CPU
		{978B040A-4201-4064-B3E4-F43C9AAECE1D}.Release|x64.Build.0 = Release|Any CPU
		{978B040A-4201-4064-B3E4-F43C9AAECE1D}.Release|x86.ActiveCfg = Release|Any CPU
		{978B040A-4201-4064-B3E4-F43C9AAECE1D}.Release|x86.Build.0 = Release|Any CPU
		{2F904C1F-4619-49CC-9B33-83BFB45CF6D0}.Debug|Any CPU.ActiveCfg = Debug|Any CPU
		{2F904C1F-4619-49CC-9B33-83BFB45CF6D0}.Debug|Any CPU.Build.0 = Debug|Any CPU
		{2F904C1F-4619-49CC-9B33-83BFB45CF6D0}.Debug|x64.ActiveCfg = Debug|Any CPU
		{2F904C1F-4619-49CC-9B33-83BFB45CF6D0}.Debug|x64.Build.0 = Debug|Any CPU
		{2F904C1F-4619-49CC-9B33-83BFB45CF6D0}.Debug|x86.ActiveCfg = Debug|Any CPU
		{2F904C1F-4619-49CC-9B33-83BFB45CF6D0}.Debug|x86.Build.0 = Debug|Any CPU
		{2F904C1F-4619-49CC-9B33-83BFB45CF6D0}.Release|Any CPU.ActiveCfg = Release|Any CPU
		{2F904C1F-4619-49CC-9B33-83BFB45CF6D0}.Release|Any CPU.Build.0 = Release|Any CPU
		{2F904C1F-4619-49CC-9B33-83BFB45CF6D0}.Release|x64.ActiveCfg = Release|Any CPU
		{2F904C1F-4619-49CC-9B33-83BFB45CF6D0}.Release|x64.Build.0 = Release|Any CPU
		{2F904C1F-4619-49CC-9B33-83BFB45CF6D0}.Release|x86.ActiveCfg = Release|Any CPU
		{2F904C1F-4619-49CC-9B33-83BFB45CF6D0}.Release|x86.Build.0 = Release|Any CPU
	EndGlobalSection
	GlobalSection(SolutionProperties) = preSolution
		HideSolutionNode = FALSE
	EndGlobalSection
	GlobalSection(NestedProjects) = preSolution
		{978B040A-4201-4064-B3E4-F43C9AAECE1D} = {6132E171-DC62-4843-8B6E-2B2C8D3590A5}
		{2F904C1F-4619-49CC-9B33-83BFB45CF6D0} = {6132E171-DC62-4843-8B6E-2B2C8D3590A5}
	EndGlobalSection
	GlobalSection(ExtensibilityGlobals) = postSolution
		SolutionGuid = {E278B125-B2F9-4A74-8018-9881CB350734}
	EndGlobalSection
EndGlobal
